
Microsoft Visual Studio Solution File, Format Version 12.00
# Visual Studio Version 16
VisualStudioVersion = 16.0.30907.101
MinimumVisualStudioVersion = 10.0.40219.1
Project("{FAE04EC0-301F-11D3-BF4B-00C04F79EFBC}") = "Csharp_2021_4.5_Methoden", "Csharp_2021_4.5_Methoden\Csharp_2021_4.5_Methoden.csproj", "{64F28CC4-A323-42EE-B199-50BB3552314D}"
EndProject
Global
	GlobalSection(SolutionConfigurationPlatforms) = preSolution
		Debug|Any CPU = Debug|Any CPU
		Release|Any CPU = Release|Any CPU
	EndGlobalSection
	GlobalSection(ProjectConfigurationPlatforms) = postSolution
		{64F28CC4-A323-42EE-B199-50BB3552314D}.Debug|Any CPU.ActiveCfg = Debug|Any CPU
		{64F28CC4-A323-42EE-B199-50BB3552314D}.Debug|Any CPU.Build.0 = Debug|Any CPU
		{64F28CC4-A323-42EE-B199-50BB3552314D}.Release|Any CPU.ActiveCfg = Release|Any CPU
		{64F28CC4-A323-42EE-B199-50BB3552314D}.Release|Any CPU.Build.0 = Release|Any CPU
	EndGlobalSection
	GlobalSection(SolutionProperties) = preSolution
		HideSolutionNode = FALSE
	EndGlobalSection
	GlobalSection(ExtensibilityGlobals) = postSolution
		SolutionGuid = {69E16ECB-D837-4E8C-9AC6-ED0319EA7176}
	EndGlobalSection
EndGlobal
